// !$*UTF8*$!
{
	archiveVersion = 1;
	classes = {
	};
	objectVersion = 46;
	objects = {

/* Begin PBXBuildFile section */
		2727B9D5DFD93DAA44F7AE22 /* Pods_MindSafeTests.framework in Frameworks */ = {isa = PBXBuildFile; fileRef = 4A0EE7A5B5B27D77ED9D8B06 /* Pods_MindSafeTests.framework */; };
		415A4CFF218CE6EE009297CD /* Database.swift in Sources */ = {isa = PBXBuildFile; fileRef = 415A4CFE218CE6EE009297CD /* Database.swift */; };
		7490046FF92C86FDDC89143D /* Pods_MindSafe.framework in Frameworks */ = {isa = PBXBuildFile; fileRef = 132CAB6DD9EB32BD0A8D8354 /* Pods_MindSafe.framework */; };
		960D24FD41E49DB73F07DDC3 /* Pods_MindSafeUITests.framework in Frameworks */ = {isa = PBXBuildFile; fileRef = F3F991F66847D54447102CE2 /* Pods_MindSafeUITests.framework */; };
		C409A641218C4689001FA6BF /* GoogleService-Info.plist in Resources */ = {isa = PBXBuildFile; fileRef = C409A640218C4689001FA6BF /* GoogleService-Info.plist */; };
		C409A642218C4689001FA6BF /* GoogleService-Info.plist in Resources */ = {isa = PBXBuildFile; fileRef = C409A640218C4689001FA6BF /* GoogleService-Info.plist */; };
		C409A643218C4689001FA6BF /* GoogleService-Info.plist in Resources */ = {isa = PBXBuildFile; fileRef = C409A640218C4689001FA6BF /* GoogleService-Info.plist */; };
		E71E09F721852DA7001A30EC /* NewReminderTableViewController.swift in Sources */ = {isa = PBXBuildFile; fileRef = E71E09F621852DA7001A30EC /* NewReminderTableViewController.swift */; };
		E769619F218111F0005AC2EB /* AppDelegate.swift in Sources */ = {isa = PBXBuildFile; fileRef = E769619E218111F0005AC2EB /* AppDelegate.swift */; };
		E76961A4218111F0005AC2EB /* Main.storyboard in Resources */ = {isa = PBXBuildFile; fileRef = E76961A2218111F0005AC2EB /* Main.storyboard */; };
		E76961A7218111F0005AC2EB /* MindSafe.xcdatamodeld in Sources */ = {isa = PBXBuildFile; fileRef = E76961A5218111F0005AC2EB /* MindSafe.xcdatamodeld */; };
		E76961A9218111F0005AC2EB /* Assets.xcassets in Resources */ = {isa = PBXBuildFile; fileRef = E76961A8218111F0005AC2EB /* Assets.xcassets */; };
		E76961AC218111F0005AC2EB /* LaunchScreen.storyboard in Resources */ = {isa = PBXBuildFile; fileRef = E76961AA218111F0005AC2EB /* LaunchScreen.storyboard */; };
		E76961B7218111F1005AC2EB /* MindSafeTests.swift in Sources */ = {isa = PBXBuildFile; fileRef = E76961B6218111F1005AC2EB /* MindSafeTests.swift */; };
		E76961C2218111F1005AC2EB /* MindSafeUITests.swift in Sources */ = {isa = PBXBuildFile; fileRef = E76961C1218111F1005AC2EB /* MindSafeUITests.swift */; };
		E7CD8BB02184EB7600525AE8 /* HomeViewController.swift in Sources */ = {isa = PBXBuildFile; fileRef = E7CD8BAF2184EB7600525AE8 /* HomeViewController.swift */; };
		E7F2039D218289AB00BFC8F8 /* RemindersViewController.swift in Sources */ = {isa = PBXBuildFile; fileRef = E7F2039C218289AB00BFC8F8 /* RemindersViewController.swift */; };
/* End PBXBuildFile section */

/* Begin PBXContainerItemProxy section */
		E76961B3218111F0005AC2EB /* PBXContainerItemProxy */ = {
			isa = PBXContainerItemProxy;
			containerPortal = E7696193218111F0005AC2EB /* Project object */;
			proxyType = 1;
			remoteGlobalIDString = E769619A218111F0005AC2EB;
			remoteInfo = MindSafe;
		};
		E76961BE218111F1005AC2EB /* PBXContainerItemProxy */ = {
			isa = PBXContainerItemProxy;
			containerPortal = E7696193218111F0005AC2EB /* Project object */;
			proxyType = 1;
			remoteGlobalIDString = E769619A218111F0005AC2EB;
			remoteInfo = MindSafe;
		};
/* End PBXContainerItemProxy section */

/* Begin PBXFileReference section */
		132CAB6DD9EB32BD0A8D8354 /* Pods_MindSafe.framework */ = {isa = PBXFileReference; explicitFileType = wrapper.framework; includeInIndex = 0; path = Pods_MindSafe.framework; sourceTree = BUILT_PRODUCTS_DIR; };
		1587A348ABD0224860FCED0E /* Pods-MindSafe.release.xcconfig */ = {isa = PBXFileReference; includeInIndex = 1; lastKnownFileType = text.xcconfig; name = "Pods-MindSafe.release.xcconfig"; path = "Pods/Target Support Files/Pods-MindSafe/Pods-MindSafe.release.xcconfig"; sourceTree = "<group>"; };
		1EF8AF4DB114E37FE202BB26 /* Pods-MindSafeTests.debug.xcconfig */ = {isa = PBXFileReference; includeInIndex = 1; lastKnownFileType = text.xcconfig; name = "Pods-MindSafeTests.debug.xcconfig"; path = "Pods/Target Support Files/Pods-MindSafeTests/Pods-MindSafeTests.debug.xcconfig"; sourceTree = "<group>"; };
		415A4CFE218CE6EE009297CD /* Database.swift */ = {isa = PBXFileReference; lastKnownFileType = sourcecode.swift; path = Database.swift; sourceTree = "<group>"; };
		4A0EE7A5B5B27D77ED9D8B06 /* Pods_MindSafeTests.framework */ = {isa = PBXFileReference; explicitFileType = wrapper.framework; includeInIndex = 0; path = Pods_MindSafeTests.framework; sourceTree = BUILT_PRODUCTS_DIR; };
		5D37ACEEB45995B8D626581A /* Pods-MindSafe.debug.xcconfig */ = {isa = PBXFileReference; includeInIndex = 1; lastKnownFileType = text.xcconfig; name = "Pods-MindSafe.debug.xcconfig"; path = "Pods/Target Support Files/Pods-MindSafe/Pods-MindSafe.debug.xcconfig"; sourceTree = "<group>"; };
		7634D7E36808DDE650B461E6 /* Pods-MindSafeTests.release.xcconfig */ = {isa = PBXFileReference; includeInIndex = 1; lastKnownFileType = text.xcconfig; name = "Pods-MindSafeTests.release.xcconfig"; path = "Pods/Target Support Files/Pods-MindSafeTests/Pods-MindSafeTests.release.xcconfig"; sourceTree = "<group>"; };
		C409A640218C4689001FA6BF /* GoogleService-Info.plist */ = {isa = PBXFileReference; fileEncoding = 4; lastKnownFileType = text.plist.xml; path = "GoogleService-Info.plist"; sourceTree = "<group>"; };
		E71E09F621852DA7001A30EC /* NewReminderTableViewController.swift */ = {isa = PBXFileReference; fileEncoding = 4; lastKnownFileType = sourcecode.swift; path = NewReminderTableViewController.swift; sourceTree = "<group>"; };
		E769619B218111F0005AC2EB /* MindSafe.app */ = {isa = PBXFileReference; explicitFileType = wrapper.application; includeInIndex = 0; path = MindSafe.app; sourceTree = BUILT_PRODUCTS_DIR; };
		E769619E218111F0005AC2EB /* AppDelegate.swift */ = {isa = PBXFileReference; lastKnownFileType = sourcecode.swift; path = AppDelegate.swift; sourceTree = "<group>"; };
		E76961A3218111F0005AC2EB /* Base */ = {isa = PBXFileReference; lastKnownFileType = file.storyboard; name = Base; path = Base.lproj/Main.storyboard; sourceTree = "<group>"; };
		E76961A6218111F0005AC2EB /* MindSafe.xcdatamodel */ = {isa = PBXFileReference; lastKnownFileType = wrapper.xcdatamodel; path = MindSafe.xcdatamodel; sourceTree = "<group>"; };
		E76961A8218111F0005AC2EB /* Assets.xcassets */ = {isa = PBXFileReference; lastKnownFileType = folder.assetcatalog; path = Assets.xcassets; sourceTree = "<group>"; };
		E76961AB218111F0005AC2EB /* Base */ = {isa = PBXFileReference; lastKnownFileType = file.storyboard; name = Base; path = Base.lproj/LaunchScreen.storyboard; sourceTree = "<group>"; };
		E76961AD218111F0005AC2EB /* Info.plist */ = {isa = PBXFileReference; lastKnownFileType = text.plist.xml; path = Info.plist; sourceTree = "<group>"; };
		E76961B2218111F0005AC2EB /* MindSafeTests.xctest */ = {isa = PBXFileReference; explicitFileType = wrapper.cfbundle; includeInIndex = 0; path = MindSafeTests.xctest; sourceTree = BUILT_PRODUCTS_DIR; };
		E76961B6218111F1005AC2EB /* MindSafeTests.swift */ = {isa = PBXFileReference; lastKnownFileType = sourcecode.swift; path = MindSafeTests.swift; sourceTree = "<group>"; };
		E76961B8218111F1005AC2EB /* Info.plist */ = {isa = PBXFileReference; lastKnownFileType = text.plist.xml; path = Info.plist; sourceTree = "<group>"; };
		E76961BD218111F1005AC2EB /* MindSafeUITests.xctest */ = {isa = PBXFileReference; explicitFileType = wrapper.cfbundle; includeInIndex = 0; path = MindSafeUITests.xctest; sourceTree = BUILT_PRODUCTS_DIR; };
		E76961C1218111F1005AC2EB /* MindSafeUITests.swift */ = {isa = PBXFileReference; lastKnownFileType = sourcecode.swift; path = MindSafeUITests.swift; sourceTree = "<group>"; };
		E76961C3218111F1005AC2EB /* Info.plist */ = {isa = PBXFileReference; lastKnownFileType = text.plist.xml; path = Info.plist; sourceTree = "<group>"; };
		E7CD8BAF2184EB7600525AE8 /* HomeViewController.swift */ = {isa = PBXFileReference; fileEncoding = 4; lastKnownFileType = sourcecode.swift; path = HomeViewController.swift; sourceTree = "<group>"; };
		E7F2039C218289AB00BFC8F8 /* RemindersViewController.swift */ = {isa = PBXFileReference; fileEncoding = 4; lastKnownFileType = sourcecode.swift; name = RemindersViewController.swift; path = ../RemindersViewController.swift; sourceTree = "<group>"; };
		E890238A0D6705ECB6974EBD /* Pods-MindSafeUITests.debug.xcconfig */ = {isa = PBXFileReference; includeInIndex = 1; lastKnownFileType = text.xcconfig; name = "Pods-MindSafeUITests.debug.xcconfig"; path = "Pods/Target Support Files/Pods-MindSafeUITests/Pods-MindSafeUITests.debug.xcconfig"; sourceTree = "<group>"; };
		F01C3112EA1FDB292BBF6F75 /* Pods-MindSafeUITests.release.xcconfig */ = {isa = PBXFileReference; includeInIndex = 1; lastKnownFileType = text.xcconfig; name = "Pods-MindSafeUITests.release.xcconfig"; path = "Pods/Target Support Files/Pods-MindSafeUITests/Pods-MindSafeUITests.release.xcconfig"; sourceTree = "<group>"; };
		F3F991F66847D54447102CE2 /* Pods_MindSafeUITests.framework */ = {isa = PBXFileReference; explicitFileType = wrapper.framework; includeInIndex = 0; path = Pods_MindSafeUITests.framework; sourceTree = BUILT_PRODUCTS_DIR; };
/* End PBXFileReference section */

/* Begin PBXFrameworksBuildPhase section */
		E7696198218111F0005AC2EB /* Frameworks */ = {
			isa = PBXFrameworksBuildPhase;
			buildActionMask = 2147483647;
			files = (
				7490046FF92C86FDDC89143D /* Pods_MindSafe.framework in Frameworks */,
			);
			runOnlyForDeploymentPostprocessing = 0;
		};
		E76961AF218111F0005AC2EB /* Frameworks */ = {
			isa = PBXFrameworksBuildPhase;
			buildActionMask = 2147483647;
			files = (
				2727B9D5DFD93DAA44F7AE22 /* Pods_MindSafeTests.framework in Frameworks */,
			);
			runOnlyForDeploymentPostprocessing = 0;
		};
		E76961BA218111F1005AC2EB /* Frameworks */ = {
			isa = PBXFrameworksBuildPhase;
			buildActionMask = 2147483647;
			files = (
				960D24FD41E49DB73F07DDC3 /* Pods_MindSafeUITests.framework in Frameworks */,
			);
			runOnlyForDeploymentPostprocessing = 0;
		};
/* End PBXFrameworksBuildPhase section */

/* Begin PBXGroup section */
		005739C39FD07609DC14176E /* Frameworks */ = {
			isa = PBXGroup;
			children = (
				132CAB6DD9EB32BD0A8D8354 /* Pods_MindSafe.framework */,
				4A0EE7A5B5B27D77ED9D8B06 /* Pods_MindSafeTests.framework */,
				F3F991F66847D54447102CE2 /* Pods_MindSafeUITests.framework */,
			);
			name = Frameworks;
			sourceTree = "<group>";
		};
		695A82F6BCD9BE8663B5FBA1 /* Pods */ = {
			isa = PBXGroup;
			children = (
				5D37ACEEB45995B8D626581A /* Pods-MindSafe.debug.xcconfig */,
				1587A348ABD0224860FCED0E /* Pods-MindSafe.release.xcconfig */,
				1EF8AF4DB114E37FE202BB26 /* Pods-MindSafeTests.debug.xcconfig */,
				7634D7E36808DDE650B461E6 /* Pods-MindSafeTests.release.xcconfig */,
				E890238A0D6705ECB6974EBD /* Pods-MindSafeUITests.debug.xcconfig */,
				F01C3112EA1FDB292BBF6F75 /* Pods-MindSafeUITests.release.xcconfig */,
			);
			name = Pods;
			sourceTree = "<group>";
		};
		E7696192218111F0005AC2EB = {
			isa = PBXGroup;
			children = (
				E769619D218111F0005AC2EB /* MindSafe */,
				E76961B5218111F1005AC2EB /* MindSafeTests */,
				E76961C0218111F1005AC2EB /* MindSafeUITests */,
				E769619C218111F0005AC2EB /* Products */,
				695A82F6BCD9BE8663B5FBA1 /* Pods */,
				005739C39FD07609DC14176E /* Frameworks */,
			);
			sourceTree = "<group>";
		};
		E769619C218111F0005AC2EB /* Products */ = {
			isa = PBXGroup;
			children = (
				E769619B218111F0005AC2EB /* MindSafe.app */,
				E76961B2218111F0005AC2EB /* MindSafeTests.xctest */,
				E76961BD218111F1005AC2EB /* MindSafeUITests.xctest */,
			);
			name = Products;
			sourceTree = "<group>";
		};
		E769619D218111F0005AC2EB /* MindSafe */ = {
			isa = PBXGroup;
			children = (
				E769619E218111F0005AC2EB /* AppDelegate.swift */,
				E7CD8BAF2184EB7600525AE8 /* HomeViewController.swift */,
				E7F2039C218289AB00BFC8F8 /* RemindersViewController.swift */,
				E71E09F621852DA7001A30EC /* NewReminderTableViewController.swift */,
				E76961A2218111F0005AC2EB /* Main.storyboard */,
				E76961A8218111F0005AC2EB /* Assets.xcassets */,
				E76961AA218111F0005AC2EB /* LaunchScreen.storyboard */,
				E76961AD218111F0005AC2EB /* Info.plist */,
				E76961A5218111F0005AC2EB /* MindSafe.xcdatamodeld */,
				C409A640218C4689001FA6BF /* GoogleService-Info.plist */,
				415A4CFE218CE6EE009297CD /* Database.swift */,
			);
			path = MindSafe;
			sourceTree = "<group>";
		};
		E76961B5218111F1005AC2EB /* MindSafeTests */ = {
			isa = PBXGroup;
			children = (
				E76961B6218111F1005AC2EB /* MindSafeTests.swift */,
				E76961B8218111F1005AC2EB /* Info.plist */,
			);
			path = MindSafeTests;
			sourceTree = "<group>";
		};
		E76961C0218111F1005AC2EB /* MindSafeUITests */ = {
			isa = PBXGroup;
			children = (
				E76961C1218111F1005AC2EB /* MindSafeUITests.swift */,
				E76961C3218111F1005AC2EB /* Info.plist */,
			);
			path = MindSafeUITests;
			sourceTree = "<group>";
		};
/* End PBXGroup section */

/* Begin PBXNativeTarget section */
		E769619A218111F0005AC2EB /* MindSafe */ = {
			isa = PBXNativeTarget;
			buildConfigurationList = E76961C6218111F1005AC2EB /* Build configuration list for PBXNativeTarget "MindSafe" */;
			buildPhases = (
				B7F39E5F96D07ADFB5AF5CB5 /* [CP] Check Pods Manifest.lock */,
				E7696197218111F0005AC2EB /* Sources */,
				E7696198218111F0005AC2EB /* Frameworks */,
				E7696199218111F0005AC2EB /* Resources */,
				8D326615635A6E840B43A34B /* [CP] Embed Pods Frameworks */,
			);
			buildRules = (
			);
			dependencies = (
			);
			name = MindSafe;
			productName = MindSafe;
			productReference = E769619B218111F0005AC2EB /* MindSafe.app */;
			productType = "com.apple.product-type.application";
		};
		E76961B1218111F0005AC2EB /* MindSafeTests */ = {
			isa = PBXNativeTarget;
			buildConfigurationList = E76961C9218111F1005AC2EB /* Build configuration list for PBXNativeTarget "MindSafeTests" */;
			buildPhases = (
				D2485957AC332ACDE7A1D522 /* [CP] Check Pods Manifest.lock */,
				E76961AE218111F0005AC2EB /* Sources */,
				E76961AF218111F0005AC2EB /* Frameworks */,
				E76961B0218111F0005AC2EB /* Resources */,
			);
			buildRules = (
			);
			dependencies = (
				E76961B4218111F0005AC2EB /* PBXTargetDependency */,
			);
			name = MindSafeTests;
			productName = MindSafeTests;
			productReference = E76961B2218111F0005AC2EB /* MindSafeTests.xctest */;
			productType = "com.apple.product-type.bundle.unit-test";
		};
		E76961BC218111F1005AC2EB /* MindSafeUITests */ = {
			isa = PBXNativeTarget;
			buildConfigurationList = E76961CC218111F1005AC2EB /* Build configuration list for PBXNativeTarget "MindSafeUITests" */;
			buildPhases = (
				3CE98D18EB86C7A10CB64698 /* [CP] Check Pods Manifest.lock */,
				E76961B9218111F1005AC2EB /* Sources */,
				E76961BA218111F1005AC2EB /* Frameworks */,
				E76961BB218111F1005AC2EB /* Resources */,
			);
			buildRules = (
			);
			dependencies = (
				E76961BF218111F1005AC2EB /* PBXTargetDependency */,
			);
			name = MindSafeUITests;
			productName = MindSafeUITests;
			productReference = E76961BD218111F1005AC2EB /* MindSafeUITests.xctest */;
			productType = "com.apple.product-type.bundle.ui-testing";
		};
/* End PBXNativeTarget section */

/* Begin PBXProject section */
		E7696193218111F0005AC2EB /* Project object */ = {
			isa = PBXProject;
			attributes = {
				LastSwiftUpdateCheck = 0800;
				LastUpgradeCheck = 0920;
				ORGANIZATIONNAME = "Mihai Lapuste";
				TargetAttributes = {
					E769619A218111F0005AC2EB = {
						CreatedOnToolsVersion = 8.0;
						LastSwiftMigration = 0920;
						ProvisioningStyle = Automatic;
					};
					E76961B1218111F0005AC2EB = {
						CreatedOnToolsVersion = 8.0;
						LastSwiftMigration = 0920;
						ProvisioningStyle = Automatic;
						TestTargetID = E769619A218111F0005AC2EB;
					};
					E76961BC218111F1005AC2EB = {
						CreatedOnToolsVersion = 8.0;
						LastSwiftMigration = 0920;
						ProvisioningStyle = Automatic;
						TestTargetID = E769619A218111F0005AC2EB;
					};
				};
			};
			buildConfigurationList = E7696196218111F0005AC2EB /* Build configuration list for PBXProject "MindSafe" */;
			compatibilityVersion = "Xcode 3.2";
			developmentRegion = English;
			hasScannedForEncodings = 0;
			knownRegions = (
				en,
				Base,
			);
			mainGroup = E7696192218111F0005AC2EB;
			productRefGroup = E769619C218111F0005AC2EB /* Products */;
			projectDirPath = "";
			projectRoot = "";
			targets = (
				E769619A218111F0005AC2EB /* MindSafe */,
				E76961B1218111F0005AC2EB /* MindSafeTests */,
				E76961BC218111F1005AC2EB /* MindSafeUITests */,
			);
		};
/* End PBXProject section */

/* Begin PBXResourcesBuildPhase section */
		E7696199218111F0005AC2EB /* Resources */ = {
			isa = PBXResourcesBuildPhase;
			buildActionMask = 2147483647;
			files = (
				E76961AC218111F0005AC2EB /* LaunchScreen.storyboard in Resources */,
				C409A641218C4689001FA6BF /* GoogleService-Info.plist in Resources */,
				E76961A9218111F0005AC2EB /* Assets.xcassets in Resources */,
				E76961A4218111F0005AC2EB /* Main.storyboard in Resources */,
			);
			runOnlyForDeploymentPostprocessing = 0;
		};
		E76961B0218111F0005AC2EB /* Resources */ = {
			isa = PBXResourcesBuildPhase;
			buildActionMask = 2147483647;
			files = (
				C409A642218C4689001FA6BF /* GoogleService-Info.plist in Resources */,
			);
			runOnlyForDeploymentPostprocessing = 0;
		};
		E76961BB218111F1005AC2EB /* Resources */ = {
			isa = PBXResourcesBuildPhase;
			buildActionMask = 2147483647;
			files = (
				C409A643218C4689001FA6BF /* GoogleService-Info.plist in Resources */,
			);
			runOnlyForDeploymentPostprocessing = 0;
		};
/* End PBXResourcesBuildPhase section */

/* Begin PBXShellScriptBuildPhase section */
		3CE98D18EB86C7A10CB64698 /* [CP] Check Pods Manifest.lock */ = {
			isa = PBXShellScriptBuildPhase;
			buildActionMask = 2147483647;
			files = (
			);
			inputPaths = (
				"${PODS_PODFILE_DIR_PATH}/Podfile.lock",
				"${PODS_ROOT}/Manifest.lock",
			);
			name = "[CP] Check Pods Manifest.lock";
			outputPaths = (
				"$(DERIVED_FILE_DIR)/Pods-MindSafeUITests-checkManifestLockResult.txt",
			);
			runOnlyForDeploymentPostprocessing = 0;
			shellPath = /bin/sh;
			shellScript = "diff \"${PODS_PODFILE_DIR_PATH}/Podfile.lock\" \"${PODS_ROOT}/Manifest.lock\" > /dev/null\nif [ $? != 0 ] ; then\n    # print error to STDERR\n    echo \"error: The sandbox is not in sync with the Podfile.lock. Run 'pod install' or update your CocoaPods installation.\" >&2\n    exit 1\nfi\n# This output is used by Xcode 'outputs' to avoid re-running this script phase.\necho \"SUCCESS\" > \"${SCRIPT_OUTPUT_FILE_0}\"\n";
			showEnvVarsInLog = 0;
		};
		8D326615635A6E840B43A34B /* [CP] Embed Pods Frameworks */ = {
			isa = PBXShellScriptBuildPhase;
			buildActionMask = 2147483647;
			files = (
			);
			inputPaths = (
				"${SRCROOT}/Pods/Target Support Files/Pods-MindSafe/Pods-MindSafe-frameworks.sh",
				"${BUILT_PRODUCTS_DIR}/GoogleUtilities/GoogleUtilities.framework",
				"${BUILT_PRODUCTS_DIR}/leveldb-library/leveldb.framework",
				"${BUILT_PRODUCTS_DIR}/nanopb/nanopb.framework",
			);
			name = "[CP] Embed Pods Frameworks";
			outputPaths = (
				"${TARGET_BUILD_DIR}/${FRAMEWORKS_FOLDER_PATH}/GoogleUtilities.framework",
				"${TARGET_BUILD_DIR}/${FRAMEWORKS_FOLDER_PATH}/leveldb.framework",
				"${TARGET_BUILD_DIR}/${FRAMEWORKS_FOLDER_PATH}/nanopb.framework",
			);
			runOnlyForDeploymentPostprocessing = 0;
			shellPath = /bin/sh;
			shellScript = "\"${SRCROOT}/Pods/Target Support Files/Pods-MindSafe/Pods-MindSafe-frameworks.sh\"\n";
			showEnvVarsInLog = 0;
		};
		B7F39E5F96D07ADFB5AF5CB5 /* [CP] Check Pods Manifest.lock */ = {
			isa = PBXShellScriptBuildPhase;
			buildActionMask = 2147483647;
			files = (
			);
			inputPaths = (
				"${PODS_PODFILE_DIR_PATH}/Podfile.lock",
				"${PODS_ROOT}/Manifest.lock",
			);
			name = "[CP] Check Pods Manifest.lock";
			outputPaths = (
				"$(DERIVED_FILE_DIR)/Pods-MindSafe-checkManifestLockResult.txt",
			);
			runOnlyForDeploymentPostprocessing = 0;
			shellPath = /bin/sh;
			shellScript = "diff \"${PODS_PODFILE_DIR_PATH}/Podfile.lock\" \"${PODS_ROOT}/Manifest.lock\" > /dev/null\nif [ $? != 0 ] ; then\n    # print error to STDERR\n    echo \"error: The sandbox is not in sync with the Podfile.lock. Run 'pod install' or update your CocoaPods installation.\" >&2\n    exit 1\nfi\n# This output is used by Xcode 'outputs' to avoid re-running this script phase.\necho \"SUCCESS\" > \"${SCRIPT_OUTPUT_FILE_0}\"\n";
			showEnvVarsInLog = 0;
		};
		D2485957AC332ACDE7A1D522 /* [CP] Check Pods Manifest.lock */ = {
			isa = PBXShellScriptBuildPhase;
			buildActionMask = 2147483647;
			files = (
			);
			inputPaths = (
				"${PODS_PODFILE_DIR_PATH}/Podfile.lock",
				"${PODS_ROOT}/Manifest.lock",
			);
			name = "[CP] Check Pods Manifest.lock";
			outputPaths = (
				"$(DERIVED_FILE_DIR)/Pods-MindSafeTests-checkManifestLockResult.txt",
			);
			runOnlyForDeploymentPostprocessing = 0;
			shellPath = /bin/sh;
			shellScript = "diff \"${PODS_PODFILE_DIR_PATH}/Podfile.lock\" \"${PODS_ROOT}/Manifest.lock\" > /dev/null\nif [ $? != 0 ] ; then\n    # print error to STDERR\n    echo \"error: The sandbox is not in sync with the Podfile.lock. Run 'pod install' or update your CocoaPods installation.\" >&2\n    exit 1\nfi\n# This output is used by Xcode 'outputs' to avoid re-running this script phase.\necho \"SUCCESS\" > \"${SCRIPT_OUTPUT_FILE_0}\"\n";
			showEnvVarsInLog = 0;
		};
/* End PBXShellScriptBuildPhase section */

/* Begin PBXSourcesBuildPhase section */
		E7696197218111F0005AC2EB /* Sources */ = {
			isa = PBXSourcesBuildPhase;
			buildActionMask = 2147483647;
			files = (
				415A4CFF218CE6EE009297CD /* Database.swift in Sources */,
				E7F2039D218289AB00BFC8F8 /* RemindersViewController.swift in Sources */,
				E76961A7218111F0005AC2EB /* MindSafe.xcdatamodeld in Sources */,
				E769619F218111F0005AC2EB /* AppDelegate.swift in Sources */,
				E71E09F721852DA7001A30EC /* NewReminderTableViewController.swift in Sources */,
				E7CD8BB02184EB7600525AE8 /* HomeViewController.swift in Sources */,
			);
			runOnlyForDeploymentPostprocessing = 0;
		};
		E76961AE218111F0005AC2EB /* Sources */ = {
			isa = PBXSourcesBuildPhase;
			buildActionMask = 2147483647;
			files = (
				E76961B7218111F1005AC2EB /* MindSafeTests.swift in Sources */,
			);
			runOnlyForDeploymentPostprocessing = 0;
		};
		E76961B9218111F1005AC2EB /* Sources */ = {
			isa = PBXSourcesBuildPhase;
			buildActionMask = 2147483647;
			files = (
				E76961C2218111F1005AC2EB /* MindSafeUITests.swift in Sources */,
			);
			runOnlyForDeploymentPostprocessing = 0;
		};
/* End PBXSourcesBuildPhase section */

/* Begin PBXTargetDependency section */
		E76961B4218111F0005AC2EB /* PBXTargetDependency */ = {
			isa = PBXTargetDependency;
			target = E769619A218111F0005AC2EB /* MindSafe */;
			targetProxy = E76961B3218111F0005AC2EB /* PBXContainerItemProxy */;
		};
		E76961BF218111F1005AC2EB /* PBXTargetDependency */ = {
			isa = PBXTargetDependency;
			target = E769619A218111F0005AC2EB /* MindSafe */;
			targetProxy = E76961BE218111F1005AC2EB /* PBXContainerItemProxy */;
		};
/* End PBXTargetDependency section */

/* Begin PBXVariantGroup section */
		E76961A2218111F0005AC2EB /* Main.storyboard */ = {
			isa = PBXVariantGroup;
			children = (
				E76961A3218111F0005AC2EB /* Base */,
			);
			name = Main.storyboard;
			sourceTree = "<group>";
		};
		E76961AA218111F0005AC2EB /* LaunchScreen.storyboard */ = {
			isa = PBXVariantGroup;
			children = (
				E76961AB218111F0005AC2EB /* Base */,
			);
			name = LaunchScreen.storyboard;
			sourceTree = "<group>";
		};
/* End PBXVariantGroup section */

/* Begin XCBuildConfiguration section */
		E76961C4218111F1005AC2EB /* Debug */ = {
			isa = XCBuildConfiguration;
			buildSettings = {
				ALWAYS_SEARCH_USER_PATHS = NO;
				CLANG_ANALYZER_NONNULL = YES;
				CLANG_CXX_LANGUAGE_STANDARD = "gnu++0x";
				CLANG_CXX_LIBRARY = "libc++";
				CLANG_ENABLE_MODULES = YES;
				CLANG_ENABLE_OBJC_ARC = YES;
				CLANG_WARN_BLOCK_CAPTURE_AUTORELEASING = YES;
				CLANG_WARN_BOOL_CONVERSION = YES;
				CLANG_WARN_COMMA = YES;
				CLANG_WARN_CONSTANT_CONVERSION = YES;
				CLANG_WARN_DIRECT_OBJC_ISA_USAGE = YES_ERROR;
				CLANG_WARN_DOCUMENTATION_COMMENTS = YES;
				CLANG_WARN_EMPTY_BODY = YES;
				CLANG_WARN_ENUM_CONVERSION = YES;
				CLANG_WARN_INFINITE_RECURSION = YES;
				CLANG_WARN_INT_CONVERSION = YES;
				CLANG_WARN_NON_LITERAL_NULL_CONVERSION = YES;
				CLANG_WARN_OBJC_LITERAL_CONVERSION = YES;
				CLANG_WARN_OBJC_ROOT_CLASS = YES_ERROR;
				CLANG_WARN_RANGE_LOOP_ANALYSIS = YES;
				CLANG_WARN_STRICT_PROTOTYPES = YES;
				CLANG_WARN_SUSPICIOUS_MOVE = YES;
				CLANG_WARN_SUSPICIOUS_MOVES = YES;
				CLANG_WARN_UNREACHABLE_CODE = YES;
				CLANG_WARN__DUPLICATE_METHOD_MATCH = YES;
				"CODE_SIGN_IDENTITY[sdk=iphoneos*]" = "iPhone Developer";
				COPY_PHASE_STRIP = NO;
				DEBUG_INFORMATION_FORMAT = dwarf;
				ENABLE_STRICT_OBJC_MSGSEND = YES;
				ENABLE_TESTABILITY = YES;
				GCC_C_LANGUAGE_STANDARD = gnu99;
				GCC_DYNAMIC_NO_PIC = NO;
				GCC_NO_COMMON_BLOCKS = YES;
				GCC_OPTIMIZATION_LEVEL = 0;
				GCC_PREPROCESSOR_DEFINITIONS = (
					"DEBUG=1",
					"$(inherited)",
				);
				GCC_WARN_64_TO_32_BIT_CONVERSION = YES;
				GCC_WARN_ABOUT_RETURN_TYPE = YES_ERROR;
				GCC_WARN_UNDECLARED_SELECTOR = YES;
				GCC_WARN_UNINITIALIZED_AUTOS = YES_AGGRESSIVE;
				GCC_WARN_UNUSED_FUNCTION = YES;
				GCC_WARN_UNUSED_VARIABLE = YES;
				IPHONEOS_DEPLOYMENT_TARGET = 10.0;
				MTL_ENABLE_DEBUG_INFO = YES;
				ONLY_ACTIVE_ARCH = YES;
				SDKROOT = iphoneos;
				SWIFT_ACTIVE_COMPILATION_CONDITIONS = DEBUG;
				SWIFT_OPTIMIZATION_LEVEL = "-Onone";
			};
			name = Debug;
		};
		E76961C5218111F1005AC2EB /* Release */ = {
			isa = XCBuildConfiguration;
			buildSettings = {
				ALWAYS_SEARCH_USER_PATHS = NO;
				CLANG_ANALYZER_NONNULL = YES;
				CLANG_CXX_LANGUAGE_STANDARD = "gnu++0x";
				CLANG_CXX_LIBRARY = "libc++";
				CLANG_ENABLE_MODULES = YES;
				CLANG_ENABLE_OBJC_ARC = YES;
				CLANG_WARN_BLOCK_CAPTURE_AUTORELEASING = YES;
				CLANG_WARN_BOOL_CONVERSION = YES;
				CLANG_WARN_COMMA = YES;
				CLANG_WARN_CONSTANT_CONVERSION = YES;
				CLANG_WARN_DIRECT_OBJC_ISA_USAGE = YES_ERROR;
				CLANG_WARN_DOCUMENTATION_COMMENTS = YES;
				CLANG_WARN_EMPTY_BODY = YES;
				CLANG_WARN_ENUM_CONVERSION = YES;
				CLANG_WARN_INFINITE_RECURSION = YES;
				CLANG_WARN_INT_CONVERSION = YES;
				CLANG_WARN_NON_LITERAL_NULL_CONVERSION = YES;
				CLANG_WARN_OBJC_LITERAL_CONVERSION = YES;
				CLANG_WARN_OBJC_ROOT_CLASS = YES_ERROR;
				CLANG_WARN_RANGE_LOOP_ANALYSIS = YES;
				CLANG_WARN_STRICT_PROTOTYPES = YES;
				CLANG_WARN_SUSPICIOUS_MOVE = YES;
				CLANG_WARN_SUSPICIOUS_MOVES = YES;
				CLANG_WARN_UNREACHABLE_CODE = YES;
				CLANG_WARN__DUPLICATE_METHOD_MATCH = YES;
				"CODE_SIGN_IDENTITY[sdk=iphoneos*]" = "iPhone Developer";
				COPY_PHASE_STRIP = NO;
				DEBUG_INFORMATION_FORMAT = "dwarf-with-dsym";
				ENABLE_NS_ASSERTIONS = NO;
				ENABLE_STRICT_OBJC_MSGSEND = YES;
				GCC_C_LANGUAGE_STANDARD = gnu99;
				GCC_NO_COMMON_BLOCKS = YES;
				GCC_WARN_64_TO_32_BIT_CONVERSION = YES;
				GCC_WARN_ABOUT_RETURN_TYPE = YES_ERROR;
				GCC_WARN_UNDECLARED_SELECTOR = YES;
				GCC_WARN_UNINITIALIZED_AUTOS = YES_AGGRESSIVE;
				GCC_WARN_UNUSED_FUNCTION = YES;
				GCC_WARN_UNUSED_VARIABLE = YES;
				IPHONEOS_DEPLOYMENT_TARGET = 10.0;
				MTL_ENABLE_DEBUG_INFO = NO;
				SDKROOT = iphoneos;
				SWIFT_OPTIMIZATION_LEVEL = "-Owholemodule";
				VALIDATE_PRODUCT = YES;
			};
			name = Release;
		};
		E76961C7218111F1005AC2EB /* Debug */ = {
			isa = XCBuildConfiguration;
			baseConfigurationReference = 5D37ACEEB45995B8D626581A /* Pods-MindSafe.debug.xcconfig */;
			buildSettings = {
				ASSETCATALOG_COMPILER_APPICON_NAME = AppIcon;
				INFOPLIST_FILE = MindSafe/Info.plist;
				LD_RUNPATH_SEARCH_PATHS = "$(inherited) @executable_path/Frameworks";
				PRODUCT_BUNDLE_IDENTIFIER = mlapuste.MindSafe;
				PRODUCT_NAME = "$(TARGET_NAME)";
				SWIFT_SWIFT3_OBJC_INFERENCE = On;
				SWIFT_VERSION = 4.0;
			};
			name = Debug;
		};
		E76961C8218111F1005AC2EB /* Release */ = {
			isa = XCBuildConfiguration;
			baseConfigurationReference = 1587A348ABD0224860FCED0E /* Pods-MindSafe.release.xcconfig */;
			buildSettings = {
				ASSETCATALOG_COMPILER_APPICON_NAME = AppIcon;
				INFOPLIST_FILE = MindSafe/Info.plist;
				LD_RUNPATH_SEARCH_PATHS = "$(inherited) @executable_path/Frameworks";
				PRODUCT_BUNDLE_IDENTIFIER = mlapuste.MindSafe;
				PRODUCT_NAME = "$(TARGET_NAME)";
				SWIFT_SWIFT3_OBJC_INFERENCE = On;
				SWIFT_VERSION = 4.0;
			};
			name = Release;
		};
		E76961CA218111F1005AC2EB /* Debug */ = {
			isa = XCBuildConfiguration;
			baseConfigurationReference = 1EF8AF4DB114E37FE202BB26 /* Pods-MindSafeTests.debug.xcconfig */;
			buildSettings = {
				ALWAYS_EMBED_SWIFT_STANDARD_LIBRARIES = YES;
				BUNDLE_LOADER = "$(TEST_HOST)";
				INFOPLIST_FILE = MindSafeTests/Info.plist;
				LD_RUNPATH_SEARCH_PATHS = "$(inherited) @executable_path/Frameworks @loader_path/Frameworks";
				PRODUCT_BUNDLE_IDENTIFIER = mlapuste.MindSafeTests;
				PRODUCT_NAME = "$(TARGET_NAME)";
				SWIFT_SWIFT3_OBJC_INFERENCE = On;
				SWIFT_VERSION = 4.0;
				TEST_HOST = "$(BUILT_PRODUCTS_DIR)/MindSafe.app/MindSafe";
			};
			name = Debug;
		};
		E76961CB218111F1005AC2EB /* Release */ = {
			isa = XCBuildConfiguration;
			baseConfigurationReference = 7634D7E36808DDE650B461E6 /* Pods-MindSafeTests.release.xcconfig */;
			buildSettings = {
				ALWAYS_EMBED_SWIFT_STANDARD_LIBRARIES = YES;
				BUNDLE_LOADER = "$(TEST_HOST)";
				INFOPLIST_FILE = MindSafeTests/Info.plist;
				LD_RUNPATH_SEARCH_PATHS = "$(inherited) @executable_path/Frameworks @loader_path/Frameworks";
				PRODUCT_BUNDLE_IDENTIFIER = mlapuste.MindSafeTests;
				PRODUCT_NAME = "$(TARGET_NAME)";
				SWIFT_SWIFT3_OBJC_INFERENCE = On;
				SWIFT_VERSION = 4.0;
				TEST_HOST = "$(BUILT_PRODUCTS_DIR)/MindSafe.app/MindSafe";
			};
			name = Release;
		};
		E76961CD218111F1005AC2EB /* Debug */ = {
			isa = XCBuildConfiguration;
			baseConfigurationReference = E890238A0D6705ECB6974EBD /* Pods-MindSafeUITests.debug.xcconfig */;
			buildSettings = {
				ALWAYS_EMBED_SWIFT_STANDARD_LIBRARIES = YES;
				INFOPLIST_FILE = MindSafeUITests/Info.plist;
				LD_RUNPATH_SEARCH_PATHS = "$(inherited) @executable_path/Frameworks @loader_path/Frameworks";
				PRODUCT_BUNDLE_IDENTIFIER = mlapuste.MindSafeUITests;
				PRODUCT_NAME = "$(TARGET_NAME)";
				SWIFT_SWIFT3_OBJC_INFERENCE = On;
				SWIFT_VERSION = 4.0;
				TEST_TARGET_NAME = MindSafe;
			};
			name = Debug;
		};
		E76961CE218111F1005AC2EB /* Release */ = {
			isa = XCBuildConfiguration;
			baseConfigurationReference = F01C3112EA1FDB292BBF6F75 /* Pods-MindSafeUITests.release.xcconfig */;
			buildSettings = {
				ALWAYS_EMBED_SWIFT_STANDARD_LIBRARIES = YES;
				INFOPLIST_FILE = MindSafeUITests/Info.plist;
				LD_RUNPATH_SEARCH_PATHS = "$(inherited) @executable_path/Frameworks @loader_path/Frameworks";
				PRODUCT_BUNDLE_IDENTIFIER = mlapuste.MindSafeUITests;
				PRODUCT_NAME = "$(TARGET_NAME)";
				SWIFT_SWIFT3_OBJC_INFERENCE = On;
				SWIFT_VERSION = 4.0;
				TEST_TARGET_NAME = MindSafe;
			};
			name = Release;
		};
/* End XCBuildConfiguration section */

/* Begin XCConfigurationList section */
		E7696196218111F0005AC2EB /* Build configuration list for PBXProject "MindSafe" */ = {
			isa = XCConfigurationList;
			buildConfigurations = (
				E76961C4218111F1005AC2EB /* Debug */,
				E76961C5218111F1005AC2EB /* Release */,
			);
			defaultConfigurationIsVisible = 0;
			defaultConfigurationName = Release;
		};
		E76961C6218111F1005AC2EB /* Build configuration list for PBXNativeTarget "MindSafe" */ = {
			isa = XCConfigurationList;
			buildConfigurations = (
				E76961C7218111F1005AC2EB /* Debug */,
				E76961C8218111F1005AC2EB /* Release */,
			);
			defaultConfigurationIsVisible = 0;
			defaultConfigurationName = Release;
		};
		E76961C9218111F1005AC2EB /* Build configuration list for PBXNativeTarget "MindSafeTests" */ = {
			isa = XCConfigurationList;
			buildConfigurations = (
				E76961CA218111F1005AC2EB /* Debug */,
				E76961CB218111F1005AC2EB /* Release */,
			);
			defaultConfigurationIsVisible = 0;
			defaultConfigurationName = Release;
		};
		E76961CC218111F1005AC2EB /* Build configuration list for PBXNativeTarget "MindSafeUITests" */ = {
			isa = XCConfigurationList;
			buildConfigurations = (
				E76961CD218111F1005AC2EB /* Debug */,
				E76961CE218111F1005AC2EB /* Release */,
			);
			defaultConfigurationIsVisible = 0;
			defaultConfigurationName = Release;
		};
/* End XCConfigurationList section */

/* Begin XCVersionGroup section */
		E76961A5218111F0005AC2EB /* MindSafe.xcdatamodeld */ = {
			isa = XCVersionGroup;
			children = (
				E76961A6218111F0005AC2EB /* MindSafe.xcdatamodel */,
			);
			currentVersion = E76961A6218111F0005AC2EB /* MindSafe.xcdatamodel */;
			path = MindSafe.xcdatamodeld;
			sourceTree = "<group>";
			versionGroupType = wrapper.xcdatamodel;
		};
/* End XCVersionGroup section */
	};
	rootObject = E7696193218111F0005AC2EB /* Project object */;
}
